
Microsoft Visual Studio Solution File, Format Version 11.00
# Visual C# Express 2010
Project("{FAE04EC0-301F-11D3-BF4B-00C04F79EFBC}") = "Torrent_Final", "Torrent_Final.csproj", "{AC10BBD5-5112-4425-B97C-EDCDE037C8B7}"
EndProject
Global
	GlobalSection(SolutionConfigurationPlatforms) = preSolution
		Debug|x86 = Debug|x86
		Release|x86 = Release|x86
	EndGlobalSection
	GlobalSection(ProjectConfigurationPlatforms) = postSolution
		{AC10BBD5-5112-4425-B97C-EDCDE037C8B7}.Debug|x86.ActiveCfg = Debug|x86
		{AC10BBD5-5112-4425-B97C-EDCDE037C8B7}.Debug|x86.Build.0 = Debug|x86
		{AC10BBD5-5112-4425-B97C-EDCDE037C8B7}.Release|x86.ActiveCfg = Release|x86
		{AC10BBD5-5112-4425-B97C-EDCDE037C8B7}.Release|x86.Build.0 = Release|x86
	EndGlobalSection
	GlobalSection(SolutionProperties) = preSolution
		HideSolutionNode = FALSE
	EndGlobalSection
EndGlobal
